{
    "name": "manthan-currency-converter",
    "version": "1.0.0",
    "lockfileVersion": 3,
    "requires": true,
    "packages": {
        "": {
            "name": "manthan-currency-converter",
            "version": "1.0.0",
            "license": "Apache-2.0",
            "dependencies": {
                "@everapi/freecurrencyapi-js": "^1.0.1",
                "manthan-currency-converter": "^1.0.0"
            }
        },
        "node_modules/@everapi/freecurrencyapi-js": {
            "version": "1.0.1",
            "resolved": "https://registry.npmjs.org/@everapi/freecurrencyapi-js/-/freecurrencyapi-js-1.0.1.tgz",
            "integrity": "sha512-GusI6Fdu4gEZhEyOOZKf9KOnSp3Atb3zLUQIp0X569LphBEv0IrZF2CALmbTmut4DacqqlP2zOpeS96bkAt2yQ==",
            "license": "MIT"
        },
        "node_modules/manthan-currency-converter": {
            "version": "1.0.0",
            "resolved": "https://registry.npmjs.org/manthan-currency-converter/-/manthan-currency-converter-1.0.0.tgz",
            "integrity": "sha512-em3LKo6e/cMm5ecPHkdJ4GbwXh3Y7hbGivgRg4KHn4Ztxx/orlPW7zhbqsd0D9JelYupWBwwIIRDmzO7r8KVKw==",
            "license": "Apache-2.0",
            "dependencies": {
                "@everapi/freecurrencyapi-js": "^1.0.1"
            }
        }
    }
}
